github.com/davecgh/go-spew v1.1.0 h1:ZDRjVQ15GmhC3fiQ8ni8+OwkZQO4DARzQgrnXU1Liz8=
github.com/davecgh/go-spew v1.1.0/go.mod h1:J7Y8YcW2NihsgmVo/mv3lAwl/skON4iLHjSsI+c5H38=
github.com/davecgh/go-spew v1.1.1/go.mod h1:J7Y8YcW2NihsgmVo/mv3lAwl/skON4iLHjSsI+c5H38=
github.com/flosch/pongo2 v0.0.0-20190707114632-bbf5a6c351f4 h1:GY1+t5Dr9OKADM64SYnQjw/w99HMYvQ0A8/JoUkxVmc=
github.com/flosch/pongo2 v0.0.0-20190707114632-bbf5a6c351f4/go.mod h1:T9YF2M40nIgbVgp3rreNmTged+9HrbNTIQf1PsaIiTA=
github.com/frankban/quicktest v1.0.0/go.mod h1:R98jIehRai+d1/3Hv2//jOVCTJhW1VBavT6B6CuGq2k=
github.com/frankban/quicktest v1.1.0/go.mod h1:R98jIehRai+d1/3Hv2//jOVCTJhW1VBavT6B6CuGq2k=
github.com/frankban/quicktest v1.2.2 h1:xfmOhhoH5fGPgbEAlhLpJH9p0z/0Qizio9osmvn9IUY=
github.com/frankban/quicktest v1.2.2/go.mod h1:Qh/WofXFeiAFII1aEBu529AtJo6Zg2VHscnEsbBnJ20=
github.com/go-check/check v0.0.0-20180628173108-788fd7840127 h1:0gkP6mzaMqkmpcJYCFOLkIBwI7xFExG03bbkOkCvUPI=
github.com/go-check/check v0.0.0-20180628173108-788fd7840127/go.mod h1:9ES+weclKsC9YodN5RgxqK/VD9HM9JsCSh7rNhMZE98=
github.com/golang/protobuf v1.3.3 h1:gyjaxf+svBWX08ZjK86iN9geUJF0H6gp2IRKX6Nf6/I=
github.com/golang/protobuf v1.3.3/go.mod h1:vzj43D7+SQXF/4pzW/hwtAqwc6iTitCiVSaWz5lYuqw=
github.com/google/go-cmp v0.2.0/go.mod h1:oXzfMopK8JAjlY9xF4vHSVASa0yLyX7SntLO5aqRK0M=
github.com/google/go-cmp v0.2.1-0.20190312032427-6f77996f0c42 h1:q3pnF5JFBNRz8sRD+IRj7Y6DMyYGTNqnZ9axTbSfoNI=
github.com/google/go-cmp v0.2.1-0.20190312032427-6f77996f0c42/go.mod h1:8QqcDgzrUqlUb/G2PQTWiueGozuR1884gddMywk6iLU=
github.com/gorilla/mux v1.7.3 h1:gnP5JzjVOuiZD07fKKToCAOjS0yOpj/qPETTXCCS6hw=
github.com/gorilla/mux v1.7.3/go.mod h1:1lud6UwP+6orDFRuTfBEV8e9/aOM/c4fVVCaMa2zaAs=
github.com/gorilla/websocket v1.4.1 h1:q7AeDBpnBk8AogcD4DSag/Ukw/KV+YhzLj2bP5HvKCM=
github.com/gorilla/websocket v1.4.1/go.mod h1:YR8l580nyteQvAITg2hZ9XVh4b55+EU/adAjf1fMHhE=
github.com/juju/clock v0.0.0-20190205081909-9c5c9712527c h1:3UvYABOQRhJAApj9MdCN+Ydv841ETSoy6xLzdmmr/9A=
github.com/juju/clock v0.0.0-20190205081909-9c5c9712527c/go.mod h1:nD0vlnrUjcjJhqN5WuCWZyzfd5AHZAC9/ajvbSx69xA=
github.com/juju/errors v0.0.0-20181118221551-089d3ea4e4d5 h1:rhqTjzJlm7EbkELJDKMTU7udov+Se0xZkWmugr6zGok=
github.com/juju/errors v0.0.0-20181118221551-089d3ea4e4d5/go.mod h1:W54LbzXuIE0boCoNJfwqpmkKJ1O4TCTZMetAt6jGk7Q=
github.com/juju/loggo v0.0.0-20180524022052-584905176618 h1:MK144iBQF9hTSwBW/9eJm034bVoG30IshVm688T2hi8=
github.com/juju/loggo v0.0.0-20180524022052-584905176618/go.mod h1:vgyd7OREkbtVEN/8IXZe5Ooef3LQePvuBm9UWj6ZL8U=
github.com/juju/qthttptest v0.0.1 h1:pR8nTl6Uo/iI6/ynQf5Cxy9FEICXzaa83NtrBdGMCVQ=
github.com/juju/qthttptest v0.0.1/go.mod h1://LCf/Ls22/rPw2u1yWukUJvYtfPY4nYpWUl2uZhryo=
github.com/juju/retry v0.0.0-20180821225755-9058e192b216 h1:/eQL7EJQKFHByJe3DeE8Z36yqManj9UY5zppDoQi4FU=
github.com/juju/retry v0.0.0-20180821225755-9058e192b216/go.mod h1:OohPQGsr4pnxwD5YljhQ+TZnuVRYpa5irjugL1Yuif4=
github.com/juju/testing v0.0.0-20180920084828-472a3e8b2073 h1:WQM1NildKThwdP7qWrNAFGzp4ijNLw8RlgENkaI4MJs=
github.com/juju/testing v0.0.0-20180920084828-472a3e8b2073/go.mod h1:63prj8cnj0tU0S9OHjGJn+b1h0ZghCndfnbQolrYTwA=
github.com/juju/utils v0.0.0-20200116185830-d40c2fe10647 h1:wQpkHVbIIpz1PCcLYku9KFWsJ7aEMQXHBBmLy3tRBTk=
github.com/juju/utils v0.0.0-20200116185830-d40c2fe10647/go.mod h1:6/KLg8Wz/y2KVGWEpkK9vMNGkOnu4k/cqs8Z1fKjTOk=
github.com/juju/version v0.0.0-20191219164919-81c1be00b9a6 h1:nrqc9b4YKpKV4lPI3GPPFbo5FUuxkWxgZE2Z8O4lgaw=
github.com/juju/version v0.0.0-20191219164919-81c1be00b9a6/go.mod h1:kE8gK5X0CImdr7qpSKl3xB2PmpySSmfj7zVbkZFs81U=
github.com/juju/webbrowser v1.0.0 h1:JLdmbFtCGY6Qf2jmS6bVaenJFGIFkdF1/BjUm76af78=
github.com/juju/webbrowser v1.0.0/go.mod h1:RwVlbBcF91Q4vS+iwlkJ6bZTE3EwlrjbYlM3WMVD6Bc=
github.com/julienschmidt/httprouter v1.2.0/go.mod h1:SYymIcj16QtmaHHD7aYtjjsJG7VTCxuUUipMqKk8s4w=
github.com/julienschmidt/httprouter v1.3.0 h1:U0609e9tgbseu3rBINet9P48AI/D3oJs4dN7jwJOQ1U=
github.com/julienschmidt/httprouter v1.3.0/go.mod h1:JR6WtHb+2LUe8TCKY3cZOxFyyO8IZAc4RVcycCCAKdM=
github.com/konsorten/go-windows-terminal-sequences v1.0.1/go.mod h1:T0+1ngSBFLxvqU3pZ+m/2kptfBszLMUkC4ZK/EgS/cQ=
github.com/kr/pretty v0.1.0 h1:L/CwN0zerZDmRFUapSPitk6f+Q3+0za1rQkzVuMiMFI=
github.com/kr/pretty v0.1.0/go.mod h1:dAy3ld7l9f0ibDNOQOHHMYYIIbhfbHSm3C4ZsoJORNo=
github.com/kr/pty v1.1.1/go.mod h1:pFQYn66WHrOpPYNljwOMqo10TkYh1fy3cYio2l3bCsQ=
github.com/kr/text v0.1.0 h1:45sCR5RtlFHMR4UwH9sdQ5TC8v0qDQCHnXt+kaKSTVE=
github.com/kr/text v0.1.0/go.mod h1:4Jbv+DJW3UT/LiOwJeYQe1efqtUx/iVham/4vfdArNI=
github.com/lxc/lxd v0.0.0-20200207191204-54c0330ed710 h1:zJA+yWqq7vHhSzl6t3DweCiUwqybJBq6UlJj8WpIUvM=
github.com/lxc/lxd v0.0.0-20200207191204-54c0330ed710/go.mod h1:2BaZflfwsv8a3uy3/Vw+de4Avn4DSrAiqaHJjCIXMV4=
github.com/lxc/lxd v0.0.0-20200210042802-c4f27b41f1a5 h1:+a8th4bWlxD2MuAAibpybNUWCMeSFmrizWEJwrSKyhg=
github.com/lxc/lxd v0.0.0-20200212234227-94339c5ebd09 h1:KcxnU8QpiZKmFqwlAProBJz8duZCkZp6eBwCdlqp03s=
github.com/mattn/goveralls v0.0.2/go.mod h1:8d1ZMHsd7fW6IRPKQh46F2WRpyib5/X4FOpevwGNQEw=
github.com/pkg/errors v0.9.1 h1:FEBLx1zS214owpjy7qsBeixbURkuhQAwrK5UwLGTwt4=
github.com/pkg/errors v0.9.1/go.mod h1:bwawxfHBFNV+L2hUp1rHADufV3IMtnDRdf1r5NINEl0=
github.com/pmezard/go-difflib v1.0.0 h1:4DBwDE0NGyQoBHbLQYPwSUPoCMWR5BEzIk/f1lZbAQM=
github.com/pmezard/go-difflib v1.0.0/go.mod h1:iKH77koFhYxTK1pcRnkKkqfTogsbg7gZNVY4sRDYZ/4=
github.com/rogpeppe/fastuuid v1.2.0 h1:Ppwyp6VYCF1nvBTXL3trRso7mXMlRrw9ooo375wvi2s=
github.com/rogpeppe/fastuuid v1.2.0/go.mod h1:jVj6XXZzXRy/MSR5jhDC/2q6DgLz+nrA6LYCDYWNEvQ=
github.com/sirupsen/logrus v1.4.2 h1:SPIRibHv4MatM3XXNO2BJeFLZwZ2LvZgfQ5+UNI2im4=
github.com/sirupsen/logrus v1.4.2/go.mod h1:tLMulIdttU9McNUspp0xgXVQah82FyeX6MwdIuYE2rE=
github.com/stretchr/objx v0.1.0/go.mod h1:HFkY916IF+rwdDfMAkV7OtwuqBVzrE8GR6GFx+wExME=
github.com/stretchr/objx v0.1.1/go.mod h1:HFkY916IF+rwdDfMAkV7OtwuqBVzrE8GR6GFx+wExME=
github.com/stretchr/testify v1.2.2/go.mod h1:a8OnRcib4nhh0OaRAV+Yts87kKdq0PP7pXfy6kDkUVs=
github.com/stretchr/testify v1.4.0 h1:2E4SXV/wtOkTonXsotYi4li6zVWxYlZuYNCXe9XRJyk=
github.com/stretchr/testify v1.4.0/go.mod h1:j7eGeouHqKxXV5pUuKE4zz7dFj8WfuZ+81PSLYec5m4=
golang.org/x/crypto v0.0.0-20180723164146-c126467f60eb/go.mod h1:6SG95UA2DQfeDnfUPMdvaQW0Q7yPrPDi9nlGo2tz2b4=
golang.org/x/crypto v0.0.0-20190308221718-c2843e01d9a2/go.mod h1:djNgcEr1/C05ACkg1iLfiJU5Ep61QUkGW8qpdssI0+w=
golang.org/x/crypto v0.0.0-20200208060501-ecb85df21340 h1:KOcEaR10tFr7gdJV2GCKw8Os5yED1u1aOqHjOAb6d2Y=
golang.org/x/crypto v0.0.0-20200208060501-ecb85df21340/go.mod h1:LzIPMQfyMNhhGPhUkYOs5KpL4U8rLKemX1yGLhDgUto=
golang.org/x/net v0.0.0-20150829230318-ea47fc708ee3/go.mod h1:mL1N/T3taQHkDXs73rZJwtUhF3w3ftmwwsq0BUmARs4=
golang.org/x/net v0.0.0-20190404232315-eb5bcb51f2a3/go.mod h1:t9HGtf8HONx5eT2rtn7q6eTqICYqUVnKs3thJo3Qplg=
golang.org/x/net v0.0.0-20200202094626-16171245cfb2 h1:CCH4IOTTfewWjGOlSp+zGcjutRKlBEZQ6wTn8ozI/nI=
golang.org/x/net v0.0.0-20200202094626-16171245cfb2/go.mod h1:z5CRVTTTmAJ677TzLLGU+0bjPO0LkuOLi4/5GtJWs/s=
golang.org/x/sys v0.0.0-20190215142949-d0b11bdaac8a/go.mod h1:STP8DvDyc/dI5b8T5hshtkjS+E42TnysNCUPdjciGhY=
golang.org/x/sys v0.0.0-20190412213103-97732733099d/go.mod h1:h1NjWce9XRLGQEsW7wpKNCjG9DtNlClVuFLEZdDNbEs=
golang.org/x/sys v0.0.0-20190422165155-953cdadca894/go.mod h1:h1NjWce9XRLGQEsW7wpKNCjG9DtNlClVuFLEZdDNbEs=
golang.org/x/sys v0.0.0-20200202164722-d101bd2416d5 h1:LfCXLvNmTYH9kEmVgqbnsWfruoXZIrh4YBgqVHtDvw0=
golang.org/x/sys v0.0.0-20200202164722-d101bd2416d5/go.mod h1:h1NjWce9XRLGQEsW7wpKNCjG9DtNlClVuFLEZdDNbEs=
golang.org/x/text v0.3.0/go.mod h1:NqM8EUOU14njkJ3fqMW+pc6Ldnwhi/IjpwHt7yyuwOQ=
golang.org/x/tools v0.0.0-20181008205924-a2b3f7f249e9/go.mod h1:n7NCudcB/nEzxVGmLbDWY5pfWTLqBcC2KZ6jyYvM4mQ=
golang.org/x/tools v0.0.0-20181221001348-537d06c36207/go.mod h1:n7NCudcB/nEzxVGmLbDWY5pfWTLqBcC2KZ6jyYvM4mQ=
gopkg.in/check.v1 v0.0.0-20161208181325-20d25e280405/go.mod h1:Co6ibVJAznAaIkqp8huTwlJQCZ016jof/cbN4VW5Yz0=
gopkg.in/check.v1 v1.0.0-20180628173108-788fd7840127 h1:qIbj1fsPNlZgppZ+VLlY7N33q108Sa+fhmuc+sWQYwY=
gopkg.in/check.v1 v1.0.0-20180628173108-788fd7840127/go.mod h1:Co6ibVJAznAaIkqp8huTwlJQCZ016jof/cbN4VW5Yz0=
gopkg.in/errgo.v1 v1.0.0/go.mod h1:CxwszS/Xz1C49Ucd2i6Zil5UToP1EmyrFhKaMVbg1mk=
gopkg.in/errgo.v1 v1.0.1 h1:oQFRXzZ7CkBGdm1XZm/EbQYaYNNEElNBOd09M6cqNso=
gopkg.in/errgo.v1 v1.0.1/go.mod h1:3NjfXwocQRYAPTq4/fzX+CwUhPRcR/azYRhj8G+LqMo=
gopkg.in/httprequest.v1 v1.2.0 h1:YTGV1oXzaoKI6oPzQ0knoIPcrrVzeRG3amkoxoP7Xng=
gopkg.in/httprequest.v1 v1.2.0/go.mod h1:T61ZUaJLpMnzvoJDO03ZD8yRXD4nZzBeDoW5e9sffjg=
gopkg.in/macaroon-bakery.v2 v2.1.0 h1:9Jw/+9XHBSutkaeVpWhDx38IcSNLJwWUICkOK98DHls=
gopkg.in/macaroon-bakery.v2 v2.1.0/go.mod h1:B4/T17l+ZWGwxFSZQmlBwp25x+og7OkhETfr3S9MbIA=
gopkg.in/macaroon.v2 v2.1.0 h1:HZcsjBCzq9t0eBPMKqTN/uSN6JOm78ZJ2INbqcBQOUI=
gopkg.in/macaroon.v2 v2.1.0/go.mod h1:OUb+TQP/OP0WOerC2Jp/3CwhIKyIa9kQjuc7H24e6/o=
gopkg.in/mgo.v2 v2.0.0-20180705113604-9856a29383ce h1:xcEWjVhvbDy+nHP67nPDDpbYrY+ILlfndk4bRioVHaU=
gopkg.in/mgo.v2 v2.0.0-20180705113604-9856a29383ce/go.mod h1:yeKp02qBN3iKW1OzL3MGk2IdtZzaj7SFntXj72NppTA=
gopkg.in/robfig/cron.v2 v2.0.0-20150107220207-be2e0b0deed5 h1:E846t8CnR+lv5nE+VuiKTDG/v1U2stad0QzddfJC7kY=
gopkg.in/robfig/cron.v2 v2.0.0-20150107220207-be2e0b0deed5/go.mod h1:hiOFpYm0ZJbusNj2ywpbrXowU3G8U6GIQzqn2mw1UIE=
gopkg.in/yaml.v2 v2.2.1/go.mod h1:hI93XBmqTisBFMUTm0b8Fm+jr3Dg1NNxqwp+5A1VGuI=
gopkg.in/yaml.v2 v2.2.2 h1:ZCJp+EgiOT7lHqUV2J862kp8Qj64Jo6az82+3Td9dZw=
gopkg.in/yaml.v2 v2.2.2/go.mod h1:hI93XBmqTisBFMUTm0b8Fm+jr3Dg1NNxqwp+5A1VGuI=
